// !$*UTF8*$!
{
	archiveVersion = 1;
	classes = {
	};
	objectVersion = 56;
	objects = {

/* Begin PBXBuildFile section */
		16FEBA002CE5551000F8C75E /* SwiftFormKit.framework in Frameworks */ = {isa = PBXBuildFile; fileRef = 16FEB9F72CE5551000F8C75E /* SwiftFormKit.framework */; };
		16FEBA052CE5551000F8C75E /* SwiftFormKitTests.swift in Sources */ = {isa = PBXBuildFile; fileRef = 16FEBA042CE5551000F8C75E /* SwiftFormKitTests.swift */; };
		16FEBA062CE5551000F8C75E /* SwiftFormKit.h in Headers */ = {isa = PBXBuildFile; fileRef = 16FEB9FA2CE5551000F8C75E /* SwiftFormKit.h */; settings = {ATTRIBUTES = (Public, ); }; };
		16FEBA7C2CEA373300F8C75E /* FormFieldProtocol.swift in Sources */ = {isa = PBXBuildFile; fileRef = 16FEBA7B2CEA373300F8C75E /* FormFieldProtocol.swift */; };
		16FEBA7E2CEA375200F8C75E /* TextInputField.swift in Sources */ = {isa = PBXBuildFile; fileRef = 16FEBA7D2CEA375200F8C75E /* TextInputField.swift */; };
		16FEBA802CEA379500F8C75E /* TextInputView.swift in Sources */ = {isa = PBXBuildFile; fileRef = 16FEBA7F2CEA379500F8C75E /* TextInputView.swift */; };
		16FEBA822CEA37E700F8C75E /* FormModel.swift in Sources */ = {isa = PBXBuildFile; fileRef = 16FEBA812CEA37E700F8C75E /* FormModel.swift */; };
		16FEBA842CEA380D00F8C75E /* FormView.swift in Sources */ = {isa = PBXBuildFile; fileRef = 16FEBA832CEA380D00F8C75E /* FormView.swift */; };
		16FEBA872CEA414700F8C75E /* DropdownField.swift in Sources */ = {isa = PBXBuildFile; fileRef = 16FEBA862CEA414700F8C75E /* DropdownField.swift */; };
		16FEBA892CEA416200F8C75E /* SwitchField.swift in Sources */ = {isa = PBXBuildFile; fileRef = 16FEBA882CEA416200F8C75E /* SwitchField.swift */; };
		16FEBA8B2CEA41C200F8C75E /* DropdownFieldView.swift in Sources */ = {isa = PBXBuildFile; fileRef = 16FEBA8A2CEA41C200F8C75E /* DropdownFieldView.swift */; };
		16FEBA8D2CEA41E500F8C75E /* SwitchFieldView.swift in Sources */ = {isa = PBXBuildFile; fileRef = 16FEBA8C2CEA41E500F8C75E /* SwitchFieldView.swift */; };
		16FEBA902CEA441800F8C75E /* Validator.swift in Sources */ = {isa = PBXBuildFile; fileRef = 16FEBA8F2CEA441800F8C75E /* Validator.swift */; };
		16FEBA922CEA443D00F8C75E /* EmailValidator.swift in Sources */ = {isa = PBXBuildFile; fileRef = 16FEBA912CEA443D00F8C75E /* EmailValidator.swift */; };
		16FEBA942CEA449300F8C75E /* PasswordValidator.swift in Sources */ = {isa = PBXBuildFile; fileRef = 16FEBA932CEA449300F8C75E /* PasswordValidator.swift */; };
		16FEBA962CEA455700F8C75E /* PhoneValidator.swift in Sources */ = {isa = PBXBuildFile; fileRef = 16FEBA952CEA455700F8C75E /* PhoneValidator.swift */; };
		16FEBA982CEA502000F8C75E /* DateField.swift in Sources */ = {isa = PBXBuildFile; fileRef = 16FEBA972CEA502000F8C75E /* DateField.swift */; };
		16FEBA9A2CEA504C00F8C75E /* TextAreaField.swift in Sources */ = {isa = PBXBuildFile; fileRef = 16FEBA992CEA504C00F8C75E /* TextAreaField.swift */; };
		16FEBA9C2CEA507000F8C75E /* DateFieldView.swift in Sources */ = {isa = PBXBuildFile; fileRef = 16FEBA9B2CEA507000F8C75E /* DateFieldView.swift */; };
		16FEBA9E2CEA50A000F8C75E /* TextAreaFieldView.swift in Sources */ = {isa = PBXBuildFile; fileRef = 16FEBA9D2CEA50A000F8C75E /* TextAreaFieldView.swift */; };
		16FEBAA42CEA619D00F8C75E /* FormData.swift in Sources */ = {isa = PBXBuildFile; fileRef = 16FEBAA32CEA619D00F8C75E /* FormData.swift */; };
/* End PBXBuildFile section */

/* Begin PBXContainerItemProxy section */
		16FEBA012CE5551000F8C75E /* PBXContainerItemProxy */ = {
			isa = PBXContainerItemProxy;
			containerPortal = 16FEB9EE2CE5551000F8C75E /* Project object */;
			proxyType = 1;
			remoteGlobalIDString = 16FEB9F62CE5551000F8C75E;
			remoteInfo = SwiftFormKit;
		};
/* End PBXContainerItemProxy section */

/* Begin PBXFileReference section */
		16FEB9F72CE5551000F8C75E /* SwiftFormKit.framework */ = {isa = PBXFileReference; explicitFileType = wrapper.framework; includeInIndex = 0; path = SwiftFormKit.framework; sourceTree = BUILT_PRODUCTS_DIR; };
		16FEB9FA2CE5551000F8C75E /* SwiftFormKit.h */ = {isa = PBXFileReference; lastKnownFileType = sourcecode.c.h; path = SwiftFormKit.h; sourceTree = "<group>"; };
		16FEB9FF2CE5551000F8C75E /* SwiftFormKitTests.xctest */ = {isa = PBXFileReference; explicitFileType = wrapper.cfbundle; includeInIndex = 0; path = SwiftFormKitTests.xctest; sourceTree = BUILT_PRODUCTS_DIR; };
		16FEBA042CE5551000F8C75E /* SwiftFormKitTests.swift */ = {isa = PBXFileReference; lastKnownFileType = sourcecode.swift; path = SwiftFormKitTests.swift; sourceTree = "<group>"; };
		16FEBA7B2CEA373300F8C75E /* FormFieldProtocol.swift */ = {isa = PBXFileReference; lastKnownFileType = sourcecode.swift; path = FormFieldProtocol.swift; sourceTree = "<group>"; };
		16FEBA7D2CEA375200F8C75E /* TextInputField.swift */ = {isa = PBXFileReference; lastKnownFileType = sourcecode.swift; path = TextInputField.swift; sourceTree = "<group>"; };
		16FEBA7F2CEA379500F8C75E /* TextInputView.swift */ = {isa = PBXFileReference; lastKnownFileType = sourcecode.swift; path = TextInputView.swift; sourceTree = "<group>"; };
		16FEBA812CEA37E700F8C75E /* FormModel.swift */ = {isa = PBXFileReference; lastKnownFileType = sourcecode.swift; path = FormModel.swift; sourceTree = "<group>"; };
		16FEBA832CEA380D00F8C75E /* FormView.swift */ = {isa = PBXFileReference; lastKnownFileType = sourcecode.swift; path = FormView.swift; sourceTree = "<group>"; };
		16FEBA862CEA414700F8C75E /* DropdownField.swift */ = {isa = PBXFileReference; lastKnownFileType = sourcecode.swift; path = DropdownField.swift; sourceTree = "<group>"; };
		16FEBA882CEA416200F8C75E /* SwitchField.swift */ = {isa = PBXFileReference; lastKnownFileType = sourcecode.swift; path = SwitchField.swift; sourceTree = "<group>"; };
		16FEBA8A2CEA41C200F8C75E /* DropdownFieldView.swift */ = {isa = PBXFileReference; lastKnownFileType = sourcecode.swift; path = DropdownFieldView.swift; sourceTree = "<group>"; };
		16FEBA8C2CEA41E500F8C75E /* SwitchFieldView.swift */ = {isa = PBXFileReference; lastKnownFileType = sourcecode.swift; path = SwitchFieldView.swift; sourceTree = "<group>"; };
		16FEBA8F2CEA441800F8C75E /* Validator.swift */ = {isa = PBXFileReference; lastKnownFileType = sourcecode.swift; path = Validator.swift; sourceTree = "<group>"; };
		16FEBA912CEA443D00F8C75E /* EmailValidator.swift */ = {isa = PBXFileReference; lastKnownFileType = sourcecode.swift; path = EmailValidator.swift; sourceTree = "<group>"; };
		16FEBA932CEA449300F8C75E /* PasswordValidator.swift */ = {isa = PBXFileReference; lastKnownFileType = sourcecode.swift; path = PasswordValidator.swift; sourceTree = "<group>"; };
		16FEBA952CEA455700F8C75E /* PhoneValidator.swift */ = {isa = PBXFileReference; lastKnownFileType = sourcecode.swift; path = PhoneValidator.swift; sourceTree = "<group>"; };
		16FEBA972CEA502000F8C75E /* DateField.swift */ = {isa = PBXFileReference; lastKnownFileType = sourcecode.swift; path = DateField.swift; sourceTree = "<group>"; };
		16FEBA992CEA504C00F8C75E /* TextAreaField.swift */ = {isa = PBXFileReference; lastKnownFileType = sourcecode.swift; path = TextAreaField.swift; sourceTree = "<group>"; };
		16FEBA9B2CEA507000F8C75E /* DateFieldView.swift */ = {isa = PBXFileReference; lastKnownFileType = sourcecode.swift; path = DateFieldView.swift; sourceTree = "<group>"; };
		16FEBA9D2CEA50A000F8C75E /* TextAreaFieldView.swift */ = {isa = PBXFileReference; lastKnownFileType = sourcecode.swift; path = TextAreaFieldView.swift; sourceTree = "<group>"; };
		16FEBAA32CEA619D00F8C75E /* FormData.swift */ = {isa = PBXFileReference; lastKnownFileType = sourcecode.swift; path = FormData.swift; sourceTree = "<group>"; };
/* End PBXFileReference section */

/* Begin PBXFrameworksBuildPhase section */
		16FEB9F42CE5551000F8C75E /* Frameworks */ = {
			isa = PBXFrameworksBuildPhase;
			buildActionMask = 2147483647;
			files = (
			);
			runOnlyForDeploymentPostprocessing = 0;
		};
		16FEB9FC2CE5551000F8C75E /* Frameworks */ = {
			isa = PBXFrameworksBuildPhase;
			buildActionMask = 2147483647;
			files = (
				16FEBA002CE5551000F8C75E /* SwiftFormKit.framework in Frameworks */,
			);
			runOnlyForDeploymentPostprocessing = 0;
		};
/* End PBXFrameworksBuildPhase section */

/* Begin PBXGroup section */
		16FEB9ED2CE5551000F8C75E = {
			isa = PBXGroup;
			children = (
				16FEB9F92CE5551000F8C75E /* SwiftFormKit */,
				16FEBA032CE5551000F8C75E /* SwiftFormKitTests */,
				16FEB9F82CE5551000F8C75E /* Products */,
			);
			sourceTree = "<group>";
		};
		16FEB9F82CE5551000F8C75E /* Products */ = {
			isa = PBXGroup;
			children = (
				16FEB9F72CE5551000F8C75E /* SwiftFormKit.framework */,
				16FEB9FF2CE5551000F8C75E /* SwiftFormKitTests.xctest */,
			);
			name = Products;
			sourceTree = "<group>";
		};
		16FEB9F92CE5551000F8C75E /* SwiftFormKit */ = {
			isa = PBXGroup;
			children = (
				16FEBA8F2CEA441800F8C75E /* Validator.swift */,
				16FEBA7B2CEA373300F8C75E /* FormFieldProtocol.swift */,
				16FEBA7F2CEA379500F8C75E /* TextInputView.swift */,
				16FEBA812CEA37E700F8C75E /* FormModel.swift */,
				16FEBA832CEA380D00F8C75E /* FormView.swift */,
				16FEBA9B2CEA507000F8C75E /* DateFieldView.swift */,
				16FEBA8A2CEA41C200F8C75E /* DropdownFieldView.swift */,
				16FEBA8C2CEA41E500F8C75E /* SwitchFieldView.swift */,
				16FEBA9D2CEA50A000F8C75E /* TextAreaFieldView.swift */,
				16FEBA852CEA412600F8C75E /* fields */,
				16FEBA8E2CEA440200F8C75E /* valid */,
				16FEB9FA2CE5551000F8C75E /* SwiftFormKit.h */,
				16FEBAA32CEA619D00F8C75E /* FormData.swift */,
			);
			path = SwiftFormKit;
			sourceTree = "<group>";
		};
		16FEBA032CE5551000F8C75E /* SwiftFormKitTests */ = {
			isa = PBXGroup;
			children = (
				16FEBA042CE5551000F8C75E /* SwiftFormKitTests.swift */,
			);
			path = SwiftFormKitTests;
			sourceTree = "<group>";
		};
		16FEBA852CEA412600F8C75E /* fields */ = {
			isa = PBXGroup;
			children = (
				16FEBA7D2CEA375200F8C75E /* TextInputField.swift */,
				16FEBA862CEA414700F8C75E /* DropdownField.swift */,
				16FEBA882CEA416200F8C75E /* SwitchField.swift */,
				16FEBA972CEA502000F8C75E /* DateField.swift */,
				16FEBA992CEA504C00F8C75E /* TextAreaField.swift */,
			);
			path = fields;
			sourceTree = "<group>";
		};
		16FEBA8E2CEA440200F8C75E /* valid */ = {
			isa = PBXGroup;
			children = (
				16FEBA912CEA443D00F8C75E /* EmailValidator.swift */,
				16FEBA932CEA449300F8C75E /* PasswordValidator.swift */,
				16FEBA952CEA455700F8C75E /* PhoneValidator.swift */,
			);
			path = valid;
			sourceTree = "<group>";
		};
/* End PBXGroup section */

/* Begin PBXHeadersBuildPhase section */
		16FEB9F22CE5551000F8C75E /* Headers */ = {
			isa = PBXHeadersBuildPhase;
			buildActionMask = 2147483647;
			files = (
				16FEBA062CE5551000F8C75E /* SwiftFormKit.h in Headers */,
			);
			runOnlyForDeploymentPostprocessing = 0;
		};
/* End PBXHeadersBuildPhase section */

/* Begin PBXNativeTarget section */
		16FEB9F62CE5551000F8C75E /* SwiftFormKit */ = {
			isa = PBXNativeTarget;
			buildConfigurationList = 16FEBA092CE5551000F8C75E /* Build configuration list for PBXNativeTarget "SwiftFormKit" */;
			buildPhases = (
				16FEB9F22CE5551000F8C75E /* Headers */,
				16FEB9F32CE5551000F8C75E /* Sources */,
				16FEB9F42CE5551000F8C75E /* Frameworks */,
				16FEB9F52CE5551000F8C75E /* Resources */,
			);
			buildRules = (
			);
			dependencies = (
			);
			name = SwiftFormKit;
			productName = SwiftFormKit;
			productReference = 16FEB9F72CE5551000F8C75E /* SwiftFormKit.framework */;
			productType = "com.apple.product-type.framework";
		};
		16FEB9FE2CE5551000F8C75E /* SwiftFormKitTests */ = {
			isa = PBXNativeTarget;
			buildConfigurationList = 16FEBA0C2CE5551000F8C75E /* Build configuration list for PBXNativeTarget "SwiftFormKitTests" */;
			buildPhases = (
				16FEB9FB2CE5551000F8C75E /* Sources */,
				16FEB9FC2CE5551000F8C75E /* Frameworks */,
				16FEB9FD2CE5551000F8C75E /* Resources */,
			);
			buildRules = (
			);
			dependencies = (
				16FEBA022CE5551000F8C75E /* PBXTargetDependency */,
			);
			name = SwiftFormKitTests;
			productName = SwiftFormKitTests;
			productReference = 16FEB9FF2CE5551000F8C75E /* SwiftFormKitTests.xctest */;
			productType = "com.apple.product-type.bundle.unit-test";
		};
/* End PBXNativeTarget section */

/* Begin PBXProject section */
		16FEB9EE2CE5551000F8C75E /* Project object */ = {
			isa = PBXProject;
			attributes = {
				BuildIndependentTargetsInParallel = 1;
				LastSwiftUpdateCheck = 1520;
				LastUpgradeCheck = 1520;
				TargetAttributes = {
					16FEB9F62CE5551000F8C75E = {
						CreatedOnToolsVersion = 15.2;
						LastSwiftMigration = 1520;
					};
					16FEB9FE2CE5551000F8C75E = {
						CreatedOnToolsVersion = 15.2;
					};
				};
			};
			buildConfigurationList = 16FEB9F12CE5551000F8C75E /* Build configuration list for PBXProject "SwiftFormKit" */;
			compatibilityVersion = "Xcode 14.0";
			developmentRegion = en;
			hasScannedForEncodings = 0;
			knownRegions = (
				en,
				Base,
			);
			mainGroup = 16FEB9ED2CE5551000F8C75E;
			productRefGroup = 16FEB9F82CE5551000F8C75E /* Products */;
			projectDirPath = "";
			projectRoot = "";
			targets = (
				16FEB9F62CE5551000F8C75E /* SwiftFormKit */,
				16FEB9FE2CE5551000F8C75E /* SwiftFormKitTests */,
			);
		};
/* End PBXProject section */

/* Begin PBXResourcesBuildPhase section */
		16FEB9F52CE5551000F8C75E /* Resources */ = {
			isa = PBXResourcesBuildPhase;
			buildActionMask = 2147483647;
			files = (
			);
			runOnlyForDeploymentPostprocessing = 0;
		};
		16FEB9FD2CE5551000F8C75E /* Resources */ = {
			isa = PBXResourcesBuildPhase;
			buildActionMask = 2147483647;
			files = (
			);
			runOnlyForDeploymentPostprocessing = 0;
		};
/* End PBXResourcesBuildPhase section */

/* Begin PBXSourcesBuildPhase section */
		16FEB9F32CE5551000F8C75E /* Sources */ = {
			isa = PBXSourcesBuildPhase;
			buildActionMask = 2147483647;
			files = (
				16FEBA8B2CEA41C200F8C75E /* DropdownFieldView.swift in Sources */,
				16FEBA9E2CEA50A000F8C75E /* TextAreaFieldView.swift in Sources */,
				16FEBA942CEA449300F8C75E /* PasswordValidator.swift in Sources */,
				16FEBA802CEA379500F8C75E /* TextInputView.swift in Sources */,
				16FEBA892CEA416200F8C75E /* SwitchField.swift in Sources */,
				16FEBA872CEA414700F8C75E /* DropdownField.swift in Sources */,
				16FEBA822CEA37E700F8C75E /* FormModel.swift in Sources */,
				16FEBA922CEA443D00F8C75E /* EmailValidator.swift in Sources */,
				16FEBA8D2CEA41E500F8C75E /* SwitchFieldView.swift in Sources */,
				16FEBA962CEA455700F8C75E /* PhoneValidator.swift in Sources */,
				16FEBA7E2CEA375200F8C75E /* TextInputField.swift in Sources */,
				16FEBAA42CEA619D00F8C75E /* FormData.swift in Sources */,
				16FEBA982CEA502000F8C75E /* DateField.swift in Sources */,
				16FEBA9C2CEA507000F8C75E /* DateFieldView.swift in Sources */,
				16FEBA9A2CEA504C00F8C75E /* TextAreaField.swift in Sources */,
				16FEBA902CEA441800F8C75E /* Validator.swift in Sources */,
				16FEBA7C2CEA373300F8C75E /* FormFieldProtocol.swift in Sources */,
				16FEBA842CEA380D00F8C75E /* FormView.swift in Sources */,
			);
			runOnlyForDeploymentPostprocessing = 0;
		};
		16FEB9FB2CE5551000F8C75E /* Sources */ = {
			isa = PBXSourcesBuildPhase;
			buildActionMask = 2147483647;
			files = (
				16FEBA052CE5551000F8C75E /* SwiftFormKitTests.swift in Sources */,
			);
			runOnlyForDeploymentPostprocessing = 0;
		};
/* End PBXSourcesBuildPhase section */

/* Begin PBXTargetDependency section */
		16FEBA022CE5551000F8C75E /* PBXTargetDependency */ = {
			isa = PBXTargetDependency;
			target = 16FEB9F62CE5551000F8C75E /* SwiftFormKit */;
			targetProxy = 16FEBA012CE5551000F8C75E /* PBXContainerItemProxy */;
		};
/* End PBXTargetDependency section */

/* Begin XCBuildConfiguration section */
		16FEBA072CE5551000F8C75E /* Debug */ = {
			isa = XCBuildConfiguration;
			buildSettings = {
				ALWAYS_SEARCH_USER_PATHS = NO;
				ASSETCATALOG_COMPILER_GENERATE_SWIFT_ASSET_SYMBOL_EXTENSIONS = YES;
				CLANG_ANALYZER_NONNULL = YES;
				CLANG_ANALYZER_NUMBER_OBJECT_CONVERSION = YES_AGGRESSIVE;
				CLANG_CXX_LANGUAGE_STANDARD = "gnu++20";
				CLANG_ENABLE_MODULES = YES;
				CLANG_ENABLE_OBJC_ARC = YES;
				CLANG_ENABLE_OBJC_WEAK = YES;
				CLANG_WARN_BLOCK_CAPTURE_AUTORELEASING = YES;
				CLANG_WARN_BOOL_CONVERSION = YES;
				CLANG_WARN_COMMA = YES;
				CLANG_WARN_CONSTANT_CONVERSION = YES;
				CLANG_WARN_DEPRECATED_OBJC_IMPLEMENTATIONS = YES;
				CLANG_WARN_DIRECT_OBJC_ISA_USAGE = YES_ERROR;
				CLANG_WARN_DOCUMENTATION_COMMENTS = YES;
				CLANG_WARN_EMPTY_BODY = YES;
				CLANG_WARN_ENUM_CONVERSION = YES;
				CLANG_WARN_INFINITE_RECURSION = YES;
				CLANG_WARN_INT_CONVERSION = YES;
				CLANG_WARN_NON_LITERAL_NULL_CONVERSION = YES;
				CLANG_WARN_OBJC_IMPLICIT_RETAIN_SELF = YES;
				CLANG_WARN_OBJC_LITERAL_CONVERSION = YES;
				CLANG_WARN_OBJC_ROOT_CLASS = YES_ERROR;
				CLANG_WARN_QUOTED_INCLUDE_IN_FRAMEWORK_HEADER = YES;
				CLANG_WARN_RANGE_LOOP_ANALYSIS = YES;
				CLANG_WARN_STRICT_PROTOTYPES = YES;
				CLANG_WARN_SUSPICIOUS_MOVE = YES;
				CLANG_WARN_UNGUARDED_AVAILABILITY = YES_AGGRESSIVE;
				CLANG_WARN_UNREACHABLE_CODE = YES;
				CLANG_WARN__DUPLICATE_METHOD_MATCH = YES;
				COPY_PHASE_STRIP = NO;
				CURRENT_PROJECT_VERSION = 1;
				DEBUG_INFORMATION_FORMAT = dwarf;
				ENABLE_STRICT_OBJC_MSGSEND = YES;
				ENABLE_TESTABILITY = YES;
				ENABLE_USER_SCRIPT_SANDBOXING = YES;
				GCC_C_LANGUAGE_STANDARD = gnu17;
				GCC_DYNAMIC_NO_PIC = NO;
				GCC_NO_COMMON_BLOCKS = YES;
				GCC_OPTIMIZATION_LEVEL = 0;
				GCC_PREPROCESSOR_DEFINITIONS = (
					"DEBUG=1",
					"$(inherited)",
				);
				GCC_WARN_64_TO_32_BIT_CONVERSION = YES;
				GCC_WARN_ABOUT_RETURN_TYPE = YES_ERROR;
				GCC_WARN_UNDECLARED_SELECTOR = YES;
				GCC_WARN_UNINITIALIZED_AUTOS = YES_AGGRESSIVE;
				GCC_WARN_UNUSED_FUNCTION = YES;
				GCC_WARN_UNUSED_VARIABLE = YES;
				IPHONEOS_DEPLOYMENT_TARGET = 17.2;
				LOCALIZATION_PREFERS_STRING_CATALOGS = YES;
				MTL_ENABLE_DEBUG_INFO = INCLUDE_SOURCE;
				MTL_FAST_MATH = YES;
				ONLY_ACTIVE_ARCH = YES;
				SDKROOT = iphoneos;
				SWIFT_ACTIVE_COMPILATION_CONDITIONS = "DEBUG $(inherited)";
				SWIFT_OPTIMIZATION_LEVEL = "-Onone";
				VERSIONING_SYSTEM = "apple-generic";
				VERSION_INFO_PREFIX = "";
			};
			name = Debug;
		};
		16FEBA082CE5551000F8C75E /* Release */ = {
			isa = XCBuildConfiguration;
			buildSettings = {
				ALWAYS_SEARCH_USER_PATHS = NO;
				ASSETCATALOG_COMPILER_GENERATE_SWIFT_ASSET_SYMBOL_EXTENSIONS = YES;
				CLANG_ANALYZER_NONNULL = YES;
				CLANG_ANALYZER_NUMBER_OBJECT_CONVERSION = YES_AGGRESSIVE;
				CLANG_CXX_LANGUAGE_STANDARD = "gnu++20";
				CLANG_ENABLE_MODULES = YES;
				CLANG_ENABLE_OBJC_ARC = YES;
				CLANG_ENABLE_OBJC_WEAK = YES;
				CLANG_WARN_BLOCK_CAPTURE_AUTORELEASING = YES;
				CLANG_WARN_BOOL_CONVERSION = YES;
				CLANG_WARN_COMMA = YES;
				CLANG_WARN_CONSTANT_CONVERSION = YES;
				CLANG_WARN_DEPRECATED_OBJC_IMPLEMENTATIONS = YES;
				CLANG_WARN_DIRECT_OBJC_ISA_USAGE = YES_ERROR;
				CLANG_WARN_DOCUMENTATION_COMMENTS = YES;
				CLANG_WARN_EMPTY_BODY = YES;
				CLANG_WARN_ENUM_CONVERSION = YES;
				CLANG_WARN_INFINITE_RECURSION = YES;
				CLANG_WARN_INT_CONVERSION = YES;
				CLANG_WARN_NON_LITERAL_NULL_CONVERSION = YES;
				CLANG_WARN_OBJC_IMPLICIT_RETAIN_SELF = YES;
				CLANG_WARN_OBJC_LITERAL_CONVERSION = YES;
				CLANG_WARN_OBJC_ROOT_CLASS = YES_ERROR;
				CLANG_WARN_QUOTED_INCLUDE_IN_FRAMEWORK_HEADER = YES;
				CLANG_WARN_RANGE_LOOP_ANALYSIS = YES;
				CLANG_WARN_STRICT_PROTOTYPES = YES;
				CLANG_WARN_SUSPICIOUS_MOVE = YES;
				CLANG_WARN_UNGUARDED_AVAILABILITY = YES_AGGRESSIVE;
				CLANG_WARN_UNREACHABLE_CODE = YES;
				CLANG_WARN__DUPLICATE_METHOD_MATCH = YES;
				COPY_PHASE_STRIP = NO;
				CURRENT_PROJECT_VERSION = 1;
				DEBUG_INFORMATION_FORMAT = "dwarf-with-dsym";
				ENABLE_NS_ASSERTIONS = NO;
				ENABLE_STRICT_OBJC_MSGSEND = YES;
				ENABLE_USER_SCRIPT_SANDBOXING = YES;
				GCC_C_LANGUAGE_STANDARD = gnu17;
				GCC_NO_COMMON_BLOCKS = YES;
				GCC_WARN_64_TO_32_BIT_CONVERSION = YES;
				GCC_WARN_ABOUT_RETURN_TYPE = YES_ERROR;
				GCC_WARN_UNDECLARED_SELECTOR = YES;
				GCC_WARN_UNINITIALIZED_AUTOS = YES_AGGRESSIVE;
				GCC_WARN_UNUSED_FUNCTION = YES;
				GCC_WARN_UNUSED_VARIABLE = YES;
				IPHONEOS_DEPLOYMENT_TARGET = 17.2;
				LOCALIZATION_PREFERS_STRING_CATALOGS = YES;
				MTL_ENABLE_DEBUG_INFO = NO;
				MTL_FAST_MATH = YES;
				SDKROOT = iphoneos;
				SWIFT_COMPILATION_MODE = wholemodule;
				VALIDATE_PRODUCT = YES;
				VERSIONING_SYSTEM = "apple-generic";
				VERSION_INFO_PREFIX = "";
			};
			name = Release;
		};
		16FEBA0A2CE5551000F8C75E /* Debug */ = {
			isa = XCBuildConfiguration;
			buildSettings = {
				CLANG_ENABLE_MODULES = YES;
				CODE_SIGN_IDENTITY = "Apple Development";
				CODE_SIGN_STYLE = Automatic;
				CURRENT_PROJECT_VERSION = 1;
				DEFINES_MODULE = YES;
				DEVELOPMENT_TEAM = D85QWSUNYA;
				DYLIB_COMPATIBILITY_VERSION = 1;
				DYLIB_CURRENT_VERSION = 1;
				DYLIB_INSTALL_NAME_BASE = "@rpath";
				ENABLE_MODULE_VERIFIER = YES;
				GENERATE_INFOPLIST_FILE = YES;
				INFOPLIST_KEY_NSHumanReadableCopyright = "";
				INSTALL_PATH = "$(LOCAL_LIBRARY_DIR)/Frameworks";
				LD_RUNPATH_SEARCH_PATHS = (
					"$(inherited)",
					"@executable_path/Frameworks",
					"@loader_path/Frameworks",
				);
				MARKETING_VERSION = 1.0;
				MODULE_VERIFIER_SUPPORTED_LANGUAGES = "objective-c objective-c++";
				MODULE_VERIFIER_SUPPORTED_LANGUAGE_STANDARDS = "gnu17 gnu++20";
				PRODUCT_BUNDLE_IDENTIFIER = ua.edu.ukma.nazar.SwiftFormKit;
				PRODUCT_NAME = "$(TARGET_NAME:c99extidentifier)";
				SKIP_INSTALL = YES;
				SWIFT_EMIT_LOC_STRINGS = YES;
				SWIFT_OPTIMIZATION_LEVEL = "-Onone";
				SWIFT_VERSION = 5.0;
				TARGETED_DEVICE_FAMILY = "1,2";
			};
			name = Debug;
		};
		16FEBA0B2CE5551000F8C75E /* Release */ = {
			isa = XCBuildConfiguration;
			buildSettings = {
				CLANG_ENABLE_MODULES = YES;
				CODE_SIGN_IDENTITY = "Apple Development";
				CODE_SIGN_STYLE = Automatic;
				CURRENT_PROJECT_VERSION = 1;
				DEFINES_MODULE = YES;
				DEVELOPMENT_TEAM = D85QWSUNYA;
				DYLIB_COMPATIBILITY_VERSION = 1;
				DYLIB_CURRENT_VERSION = 1;
				DYLIB_INSTALL_NAME_BASE = "@rpath";
				ENABLE_MODULE_VERIFIER = YES;
				GENERATE_INFOPLIST_FILE = YES;
				INFOPLIST_KEY_NSHumanReadableCopyright = "";
				INSTALL_PATH = "$(LOCAL_LIBRARY_DIR)/Frameworks";
				LD_RUNPATH_SEARCH_PATHS = (
					"$(inherited)",
					"@executable_path/Frameworks",
					"@loader_path/Frameworks",
				);
				MARKETING_VERSION = 1.0;
				MODULE_VERIFIER_SUPPORTED_LANGUAGES = "objective-c objective-c++";
				MODULE_VERIFIER_SUPPORTED_LANGUAGE_STANDARDS = "gnu17 gnu++20";
				PRODUCT_BUNDLE_IDENTIFIER = ua.edu.ukma.nazar.SwiftFormKit;
				PRODUCT_NAME = "$(TARGET_NAME:c99extidentifier)";
				SKIP_INSTALL = YES;
				SWIFT_EMIT_LOC_STRINGS = YES;
				SWIFT_VERSION = 5.0;
				TARGETED_DEVICE_FAMILY = "1,2";
			};
			name = Release;
		};
		16FEBA0D2CE5551000F8C75E /* Debug */ = {
			isa = XCBuildConfiguration;
			buildSettings = {
				ALWAYS_EMBED_SWIFT_STANDARD_LIBRARIES = YES;
				CODE_SIGN_STYLE = Automatic;
				CURRENT_PROJECT_VERSION = 1;
				DEVELOPMENT_TEAM = D85QWSUNYA;
				GENERATE_INFOPLIST_FILE = YES;
				MARKETING_VERSION = 1.0;
				PRODUCT_BUNDLE_IDENTIFIER = ua.edu.ukma.nazar.SwiftFormKitTests;
				PRODUCT_NAME = "$(TARGET_NAME)";
				SWIFT_EMIT_LOC_STRINGS = NO;
				SWIFT_VERSION = 5.0;
				TARGETED_DEVICE_FAMILY = "1,2";
			};
			name = Debug;
		};
		16FEBA0E2CE5551000F8C75E /* Release */ = {
			isa = XCBuildConfiguration;
			buildSettings = {
				ALWAYS_EMBED_SWIFT_STANDARD_LIBRARIES = YES;
				CODE_SIGN_STYLE = Automatic;
				CURRENT_PROJECT_VERSION = 1;
				DEVELOPMENT_TEAM = D85QWSUNYA;
				GENERATE_INFOPLIST_FILE = YES;
				MARKETING_VERSION = 1.0;
				PRODUCT_BUNDLE_IDENTIFIER = ua.edu.ukma.nazar.SwiftFormKitTests;
				PRODUCT_NAME = "$(TARGET_NAME)";
				SWIFT_EMIT_LOC_STRINGS = NO;
				SWIFT_VERSION = 5.0;
				TARGETED_DEVICE_FAMILY = "1,2";
			};
			name = Release;
		};
/* End XCBuildConfiguration section */

/* Begin XCConfigurationList section */
		16FEB9F12CE5551000F8C75E /* Build configuration list for PBXProject "SwiftFormKit" */ = {
			isa = XCConfigurationList;
			buildConfigurations = (
				16FEBA072CE5551000F8C75E /* Debug */,
				16FEBA082CE5551000F8C75E /* Release */,
			);
			defaultConfigurationIsVisible = 0;
			defaultConfigurationName = Release;
		};
		16FEBA092CE5551000F8C75E /* Build configuration list for PBXNativeTarget "SwiftFormKit" */ = {
			isa = XCConfigurationList;
			buildConfigurations = (
				16FEBA0A2CE5551000F8C75E /* Debug */,
				16FEBA0B2CE5551000F8C75E /* Release */,
			);
			defaultConfigurationIsVisible = 0;
			defaultConfigurationName = Release;
		};
		16FEBA0C2CE5551000F8C75E /* Build configuration list for PBXNativeTarget "SwiftFormKitTests" */ = {
			isa = XCConfigurationList;
			buildConfigurations = (
				16FEBA0D2CE5551000F8C75E /* Debug */,
				16FEBA0E2CE5551000F8C75E /* Release */,
			);
			defaultConfigurationIsVisible = 0;
			defaultConfigurationName = Release;
		};
/* End XCConfigurationList section */
	};
	rootObject = 16FEB9EE2CE5551000F8C75E /* Project object */;
}
